
Microsoft Visual Studio Solution File, Format Version 12.00
# Visual Studio 2012
Project("{FAE04EC0-301F-11D3-BF4B-00C04F79EFBC}") = "WATK1", "WATK1\WATK1.csproj", "{460AB264-2E70-474E-AA70-136C2E14969E}"
EndProject
Global
	GlobalSection(SolutionConfigurationPlatforms) = preSolution
		Debug|Any CPU = Debug|Any CPU
		Release|Any CPU = Release|Any CPU
	EndGlobalSection
	GlobalSection(ProjectConfigurationPlatforms) = postSolution
		{460AB264-2E70-474E-AA70-136C2E14969E}.Debug|Any CPU.ActiveCfg = Debug|Any CPU
		{460AB264-2E70-474E-AA70-136C2E14969E}.Debug|Any CPU.Build.0 = Debug|Any CPU
		{460AB264-2E70-474E-AA70-136C2E14969E}.Release|Any CPU.ActiveCfg = Release|Any CPU
		{460AB264-2E70-474E-AA70-136C2E14969E}.Release|Any CPU.Build.0 = Release|Any CPU
	EndGlobalSection
	GlobalSection(SolutionProperties) = preSolution
		HideSolutionNode = FALSE
	EndGlobalSection
EndGlobal
